PODS:
  - AASquaresLoading (1.0.0)
  - Alamofire (4.2.0)
  - DoneHUD (1.0.0)
  - PullToMakeFlight (2.0):
    - PullToRefresher (~> 2.0)
  - PullToRefresher (2.0.2)
  - SCLAlertView (0.7.0)
  - SideMenu (2.0.6)
  - SnapTimer (1.0.1)

DEPENDENCIES:
  - AASquaresLoading
  - Alamofire (~> 4.0)
  - DoneHUD
  - PullToMakeFlight (~> 2.0)
  - SCLAlertView
  - SideMenu
  - SnapTimer

SPEC CHECKSUMS:
  AASquaresLoading: 4039c25b61835d6f7c73d2d3382d6960a6039fa5
  Alamofire: aa2e09d871c9160ac53c90e83c68064a94e3dfbe
  DoneHUD: e3717eefe0ed8a977153024400693e100a3bc0e9
  PullToMakeFlight: 78d0a800c4603d01e18961581e28542b6b38e09a
  PullToRefresher: 5e101a8c3523e67ee0291375ba932ef59e0853c2
  SCLAlertView: 8a14ffc40590c619e183eed2298b854385f30be1
  SideMenu: 90be7a14e9f54eb528f96f2033aa54f2992c5667
  SnapTimer: 6ed7ac161b75664ba955358c33677e7a548c5fe8

PODFILE CHECKSUM: a632ca102867caf69b530d215222e8a2da0cab52

COCOAPODS: 1.0.0
